
Microsoft Visual Studio Solution File, Format Version 12.00
# Visual Studio Version 16
VisualStudioVersion = 25.0.1706.9
MinimumVisualStudioVersion = 10.0.40219.1
Project("{FAE04EC0-301F-11D3-BF4B-00C04F79EFBC}") = "modul8_1302223127", "modul8_1302223127\modul8_1302223127.csproj", "{24B111F8-7820-4FDB-A613-3A788DDD21DF}"
EndProject
Global
	GlobalSection(SolutionConfigurationPlatforms) = preSolution
		Debug|Any CPU = Debug|Any CPU
		Release|Any CPU = Release|Any CPU
	EndGlobalSection
	GlobalSection(ProjectConfigurationPlatforms) = postSolution
		{24B111F8-7820-4FDB-A613-3A788DDD21DF}.Debug|Any CPU.ActiveCfg = Debug|Any CPU
		{24B111F8-7820-4FDB-A613-3A788DDD21DF}.Debug|Any CPU.Build.0 = Debug|Any CPU
		{24B111F8-7820-4FDB-A613-3A788DDD21DF}.Release|Any CPU.ActiveCfg = Release|Any CPU
		{24B111F8-7820-4FDB-A613-3A788DDD21DF}.Release|Any CPU.Build.0 = Release|Any CPU
	EndGlobalSection
	GlobalSection(SolutionProperties) = preSolution
		HideSolutionNode = FALSE
	EndGlobalSection
	GlobalSection(ExtensibilityGlobals) = postSolution
		SolutionGuid = {6E2ED357-BC63-4BFC-8383-6A920AABCA48}
	EndGlobalSection
EndGlobal
